
Microsoft Visual Studio Solution File, Format Version 12.00
# Visual Studio Version 16
VisualStudioVersion = 16.0.30309.148
MinimumVisualStudioVersion = 10.0.40219.1
Project("{FAE04EC0-301F-11D3-BF4B-00C04F79EFBC}") = "API discogs", "API discogs.csproj", "{95ABAB59-362F-4891-BE33-FEEB26B37834}"
EndProject
Global
	GlobalSection(SolutionConfigurationPlatforms) = preSolution
		Debug|Any CPU = Debug|Any CPU
		Release|Any CPU = Release|Any CPU
	EndGlobalSection
	GlobalSection(ProjectConfigurationPlatforms) = postSolution
		{95ABAB59-362F-4891-BE33-FEEB26B37834}.Debug|Any CPU.ActiveCfg = Debug|Any CPU
		{95ABAB59-362F-4891-BE33-FEEB26B37834}.Debug|Any CPU.Build.0 = Debug|Any CPU
		{95ABAB59-362F-4891-BE33-FEEB26B37834}.Release|Any CPU.ActiveCfg = Release|Any CPU
		{95ABAB59-362F-4891-BE33-FEEB26B37834}.Release|Any CPU.Build.0 = Release|Any CPU
	EndGlobalSection
	GlobalSection(SolutionProperties) = preSolution
		HideSolutionNode = FALSE
	EndGlobalSection
	GlobalSection(ExtensibilityGlobals) = postSolution
		SolutionGuid = {724B2E80-48BE-4B78-B2FA-CEE6F2D89695}
	EndGlobalSection
EndGlobal
